{
  "name": "PocketDeploys",
  "version": "0.0.1",
  "lockfileVersion": 1,
  "dependencies": {
    "base-64": {
      "version": "https://registry.npmjs.org/base-64/-/base-64-0.1.0.tgz",
      "integrity": "sha1-eAqZyE59YAJgNhURxId2E78k9rs=",
      "dev": true
    },
    "cycle": {
      "version": "https://registry.npmjs.org/cycle/-/cycle-1.0.3.tgz",
      "integrity": "sha1-IegLK+hYD5i0aPN5QwZisEbDStI=",
      "dev": true
    },
    "get-params": {
      "version": "https://registry.npmjs.org/get-params/-/get-params-0.1.2.tgz",
      "integrity": "sha1-uuDfq6WIoMYNeDTA2Nwv9g7u8v4=",
      "dev": true
    },
    "graphql": {
      "version": "0.10.3",
      "resolved": "https://registry.npmjs.org/graphql/-/graphql-0.10.3.tgz",
      "integrity": "sha1-wxOv1VGOZzNRvuGPtj4qDkh0B6s="
    },
    "iterall": {
      "version": "1.1.1",
      "resolved": "https://registry.npmjs.org/iterall/-/iterall-1.1.1.tgz",
      "integrity": "sha1-9/CvEemgTsZCYmD1AZ2fzKTVAhQ="
    },
    "jsan": {
      "version": "https://registry.npmjs.org/jsan/-/jsan-3.1.7.tgz",
      "integrity": "sha1-YFEyccMBHfLWxif2RfskaEf/QFY=",
      "dev": true
    },
    "linked-list": {
      "version": "https://registry.npmjs.org/linked-list/-/linked-list-0.1.0.tgz",
      "integrity": "sha1-eYsP+X0bkqT9CEgPVa6k6dSdN78=",
      "dev": true
    },
    "lodash": {
      "version": "4.17.4",
      "resolved": "https://registry.npmjs.org/lodash/-/lodash-4.17.4.tgz",
      "integrity": "sha1-eCA6TRwyiuHYbcpkYONptX9AVa4=",
      "dev": true
    },
    "options": {
      "version": "0.0.6",
      "resolved": "https://registry.npmjs.org/options/-/options-0.0.6.tgz",
      "integrity": "sha1-7CLTEoBrtT5zF3Pnza788cZDEo8=",
      "dev": true
    },
    "querystring": {
      "version": "https://registry.npmjs.org/querystring/-/querystring-0.2.0.tgz",
      "integrity": "sha1-sgmEkgO7Jd+CDadW50cAWHhSFiA=",
      "dev": true
    },
    "redux-devtools-instrument": {
      "version": "https://registry.npmjs.org/redux-devtools-instrument/-/redux-devtools-instrument-1.8.0.tgz",
      "integrity": "sha1-2xhA7T2BUq9nkpE2mONCTBGd6ao=",
      "dev": true
    },
    "remote-redux-devtools": {
      "version": "https://registry.npmjs.org/remote-redux-devtools/-/remote-redux-devtools-0.5.7.tgz",
      "integrity": "sha1-vDIZ7U7vNHpbQWKsrYyUJOaS3wI=",
      "dev": true
    },
    "remotedev-serialize": {
      "version": "https://registry.npmjs.org/remotedev-serialize/-/remotedev-serialize-0.1.0.tgz",
      "integrity": "sha1-B0do6Yy3qoBvRZlO6wyK+VEg7jI=",
      "dev": true
    },
    "remotedev-utils": {
      "version": "https://registry.npmjs.org/remotedev-utils/-/remotedev-utils-0.1.3.tgz",
      "integrity": "sha1-bj9mEdD1jOyxAPxQbdEAmvU9yVU=",
      "dev": true
    },
    "sc-channel": {
      "version": "https://registry.npmjs.org/sc-channel/-/sc-channel-1.0.6.tgz",
      "integrity": "sha1-s4vUepk+eCkPvFNGeGf2sqCghjk=",
      "dev": true
    },
    "sc-emitter": {
      "version": "https://registry.npmjs.org/sc-emitter/-/sc-emitter-1.1.0.tgz",
      "integrity": "sha1-7xGdQiL0xk+Ie0hpZO8REWzdDnU=",
      "dev": true,
      "dependencies": {
        "component-emitter": {
          "version": "https://registry.npmjs.org/component-emitter/-/component-emitter-1.2.0.tgz",
          "integrity": "sha1-zNETqGOI0GSC0D3j/H35hSa6jv4=",
          "dev": true
        }
      }
    },
    "sc-errors": {
      "version": "https://registry.npmjs.org/sc-errors/-/sc-errors-1.0.6.tgz",
      "integrity": "sha1-gOd8NjSLLIi75+rY3GO+YfNLcQM=",
      "dev": true
    },
    "sc-formatter": {
      "version": "https://registry.npmjs.org/sc-formatter/-/sc-formatter-3.0.0.tgz",
      "integrity": "sha1-yRsf5WwmCr1aai5q+YxyS8eZijg=",
      "dev": true
    },
    "shortid": {
      "version": "https://registry.npmjs.org/shortid/-/shortid-2.2.8.tgz",
      "integrity": "sha1-AzsRfWoul1gE9vCWnb59PQs1UTE=",
      "dev": true
    },
    "socketcluster-client": {
      "version": "https://registry.npmjs.org/socketcluster-client/-/socketcluster-client-5.3.0.tgz",
      "integrity": "sha1-NJH15zGak2HFTeb3GFgrf/7B/tE=",
      "dev": true,
      "dependencies": {
        "lodash.clonedeep": {
          "version": "https://registry.npmjs.org/lodash.clonedeep/-/lodash.clonedeep-4.5.0.tgz",
          "integrity": "sha1-4j8/nE+Pvd6HJSnBBxhXoIblzO8=",
          "dev": true
        },
        "ws": {
          "version": "https://registry.npmjs.org/ws/-/ws-1.1.2.tgz",
          "integrity": "sha1-iiRPoFJAHgjJiGz0SoUYnh/UBn8=",
          "dev": true
        }
      }
    },
    "symbol-observable": {
      "version": "1.0.4",
      "resolved": "https://registry.npmjs.org/symbol-observable/-/symbol-observable-1.0.4.tgz",
      "integrity": "sha1-Kb9hXUqnEhvdiYsi1LP5vE4qoD0=",
      "dev": true
    },
    "ultron": {
      "version": "1.0.2",
      "resolved": "https://registry.npmjs.org/ultron/-/ultron-1.0.2.tgz",
      "integrity": "sha1-rOEWq1V80Zc4ak6I9GhTeMiy5Po=",
      "dev": true
    }
  }
}
